
Microsoft Visual Studio Solution File, Format Version 12.00
# Visual Studio Version 17
VisualStudioVersion = 17.11.35222.181
MinimumVisualStudioVersion = 10.0.40219.1
Project("{FAE04EC0-301F-11D3-BF4B-00C04F79EFBC}") = "wed_v2_giaiptb2", "wed_v2_giaiptb2\wed_v2_giaiptb2.csproj", "{5DFC46D9-B22A-42E2-B784-7AC2D4F87740}"
EndProject
Global
	GlobalSection(SolutionConfigurationPlatforms) = preSolution
		Debug|Any CPU = Debug|Any CPU
		Release|Any CPU = Release|Any CPU
	EndGlobalSection
	GlobalSection(ProjectConfigurationPlatforms) = postSolution
		{5DFC46D9-B22A-42E2-B784-7AC2D4F87740}.Debug|Any CPU.ActiveCfg = Debug|Any CPU
		{5DFC46D9-B22A-42E2-B784-7AC2D4F87740}.Debug|Any CPU.Build.0 = Debug|Any CPU
		{5DFC46D9-B22A-42E2-B784-7AC2D4F87740}.Release|Any CPU.ActiveCfg = Release|Any CPU
		{5DFC46D9-B22A-42E2-B784-7AC2D4F87740}.Release|Any CPU.Build.0 = Release|Any CPU
	EndGlobalSection
	GlobalSection(SolutionProperties) = preSolution
		HideSolutionNode = FALSE
	EndGlobalSection
	GlobalSection(ExtensibilityGlobals) = postSolution
		SolutionGuid = {3F5C20E6-DF6C-46A0-BDE0-5526B1A83667}
	EndGlobalSection
EndGlobal
